
Microsoft Visual Studio Solution File, Format Version 12.00
# Visual Studio Version 16
VisualStudioVersion = 16.0.31321.278
MinimumVisualStudioVersion = 10.0.40219.1
Project("{FAE04EC0-301F-11D3-BF4B-00C04F79EFBC}") = "SampleDemoApplication", "SampleDemoApplication\SampleDemoApplication.csproj", "{77FE36B8-2B43-418D-BED3-B3E7BD6851F9}"
EndProject
Project("{FAE04EC0-301F-11D3-BF4B-00C04F79EFBC}") = "SampleWebAPIApplication", "SampleWebAPIApplication\SampleWebAPIApplication.csproj", "{AE3AA477-15FD-4842-B08D-9CF5F8EC04A8}"
EndProject
Global
	GlobalSection(SolutionConfigurationPlatforms) = preSolution
		Debug|Any CPU = Debug|Any CPU
		Release|Any CPU = Release|Any CPU
	EndGlobalSection
	GlobalSection(ProjectConfigurationPlatforms) = postSolution
		{77FE36B8-2B43-418D-BED3-B3E7BD6851F9}.Debug|Any CPU.ActiveCfg = Debug|Any CPU
		{77FE36B8-2B43-418D-BED3-B3E7BD6851F9}.Debug|Any CPU.Build.0 = Debug|Any CPU
		{77FE36B8-2B43-418D-BED3-B3E7BD6851F9}.Release|Any CPU.ActiveCfg = Release|Any CPU
		{77FE36B8-2B43-418D-BED3-B3E7BD6851F9}.Release|Any CPU.Build.0 = Release|Any CPU
		{AE3AA477-15FD-4842-B08D-9CF5F8EC04A8}.Debug|Any CPU.ActiveCfg = Debug|Any CPU
		{AE3AA477-15FD-4842-B08D-9CF5F8EC04A8}.Debug|Any CPU.Build.0 = Debug|Any CPU
		{AE3AA477-15FD-4842-B08D-9CF5F8EC04A8}.Release|Any CPU.ActiveCfg = Release|Any CPU
		{AE3AA477-15FD-4842-B08D-9CF5F8EC04A8}.Release|Any CPU.Build.0 = Release|Any CPU
	EndGlobalSection
	GlobalSection(SolutionProperties) = preSolution
		HideSolutionNode = FALSE
	EndGlobalSection
	GlobalSection(ExtensibilityGlobals) = postSolution
		SolutionGuid = {2E24AD56-49E4-491F-8203-53EDEC5880E8}
	EndGlobalSection
EndGlobal
